{
  "version": 4,
  "terraform_version": "1.5.5",
  "serial": 27,
  "lineage": "41d4edb4-e605-d1d3-a7d2-8a20d066f5bb",
  "outputs": {},
  "resources": [
    {
      "mode": "data",
      "type": "archive_file",
      "name": "zip_the_python_code",
      "provider": "provider[\"registry.terraform.io/hashicorp/archive\"]",
      "instances": [
        {
          "schema_version": 0,
          "attributes": {
            "exclude_symlink_directories": null,
            "excludes": null,
            "id": "c80e3c4851058bdeb80c5ddf2f2664ef7f06fa89",
            "output_base64sha256": "XETyYo3Z2DdKep7x7uqERNuHcFJJUPzGuNHYdRp69oE=",
            "output_base64sha512": "TuZXZnsnBTmSwanjqTyAY455JMrNRAuJtn3ZGFwhpwqVerJHabEs+JYsDKHGvoXqGe6jDcbyMD66a4q6tCABIw==",
            "output_file_mode": null,
            "output_md5": "e05687bc0ab8adbcc4306915d6b2c90e",
            "output_path": "./lambda/func.zip",
            "output_sha": "c80e3c4851058bdeb80c5ddf2f2664ef7f06fa89",
            "output_sha256": "5c44f2628dd9d8374a7a9ef1eeea8444db8770524950fcc6b8d1d8751a7af681",
            "output_sha512": "4ee657667b27053992c1a9e3a93c80638e7924cacd440b89b67dd9185c21a70a957ab24769b12cf8962c0ca1c6be85ea19eea30dc6f2303eba6b8abab4200123",
            "output_size": 345,
            "source": [],
            "source_content": null,
            "source_content_filename": null,
            "source_dir": null,
            "source_file": "./lambda/func.py",
            "type": "zip"
          },
          "sensitive_attributes": []
        }
      ]
    },
    {
      "mode": "managed",
      "type": "aws_iam_policy",
      "name": "iam_policy_for_resume_project",
      "provider": "provider[\"registry.terraform.io/hashicorp/aws\"]",
      "instances": [
        {
          "schema_version": 0,
          "attributes": {
            "arn": "arn:aws:iam::620463006440:policy/aws_iam_policy_for_terraform_resume_project_policy",
            "description": "AWS IAM Policy for managing the resume project role",
            "id": "arn:aws:iam::620463006440:policy/aws_iam_policy_for_terraform_resume_project_policy",
            "name": "aws_iam_policy_for_terraform_resume_project_policy",
            "name_prefix": "",
            "path": "/",
            "policy": "{\"Statement\":[{\"Action\":[\"logs:CreateLogGroup\",\"logs:CreateLogStream\",\"logs:PutLogEvents\"],\"Effect\":\"Allow\",\"Resource\":\"arn:aws:logs:*:*:*\"},{\"Action\":[\"dynamodb:UpdateItem\",\"dynamodb:GetItem\",\"dynamodb:PutItem\"],\"Effect\":\"Allow\",\"Resource\":\"arn:aws:dynamodb:*:*:table/cloud-resume-test\"}],\"Version\":\"2012-10-17\"}",
            "policy_id": "ANPAZA5T2ELUNS6EDC7A5",
            "tags": {},
            "tags_all": {}
          },
          "sensitive_attributes": [],
          "private": "bnVsbA=="
        }
      ]
    },
    {
      "mode": "managed",
      "type": "aws_iam_role",
      "name": "iam_for_lambda",
      "provider": "provider[\"registry.terraform.io/hashicorp/aws\"]",
      "instances": [
        {
          "schema_version": 0,
          "attributes": {
            "arn": "arn:aws:iam::620463006440:role/iam_for_lambda",
            "assume_role_policy": "{\"Statement\":[{\"Action\":\"sts:AssumeRole\",\"Effect\":\"Allow\",\"Principal\":{\"Service\":\"lambda.amazonaws.com\"},\"Sid\":\"\"}],\"Version\":\"2012-10-17\"}",
            "create_date": "2023-08-22T21:17:11Z",
            "description": "",
            "force_detach_policies": false,
            "id": "iam_for_lambda",
            "inline_policy": [],
            "managed_policy_arns": [
              "arn:aws:iam::620463006440:policy/aws_iam_policy_for_terraform_resume_project_policy"
            ],
            "max_session_duration": 3600,
            "name": "iam_for_lambda",
            "name_prefix": "",
            "path": "/",
            "permissions_boundary": null,
            "tags": {},
            "tags_all": {},
            "unique_id": "AROAZA5T2ELUKHSZ5T4DN"
          },
          "sensitive_attributes": [],
          "private": "bnVsbA=="
        }
      ]
    },
    {
      "mode": "managed",
      "type": "aws_iam_role_policy_attachment",
      "name": "attach_iam_policy_to_iam_role",
      "provider": "provider[\"registry.terraform.io/hashicorp/aws\"]",
      "instances": [
        {
          "schema_version": 0,
          "attributes": {
            "id": "iam_for_lambda-20230822221527169700000001",
            "policy_arn": "arn:aws:iam::620463006440:policy/aws_iam_policy_for_terraform_resume_project_policy",
            "role": "iam_for_lambda"
          },
          "sensitive_attributes": [],
          "private": "bnVsbA==",
          "dependencies": [
            "aws_iam_policy.iam_policy_for_resume_project",
            "aws_iam_role.iam_for_lambda"
          ]
        }
      ]
    },
    {
      "mode": "managed",
      "type": "aws_lambda_function",
      "name": "myfunc",
      "provider": "provider[\"registry.terraform.io/hashicorp/aws\"]",
      "instances": [
        {
          "schema_version": 0,
          "attributes": {
            "architectures": [
              "x86_64"
            ],
            "arn": "arn:aws:lambda:us-east-1:620463006440:function:myfunc",
            "code_signing_config_arn": "",
            "dead_letter_config": [],
            "description": "",
            "environment": [],
            "ephemeral_storage": [
              {
                "size": 512
              }
            ],
            "file_system_config": [],
            "filename": "./lambda/func.zip",
            "function_name": "myfunc",
            "handler": "func.handler",
            "id": "myfunc",
            "image_config": [],
            "image_uri": "",
            "invoke_arn": "arn:aws:apigateway:us-east-1:lambda:path/2015-03-31/functions/arn:aws:lambda:us-east-1:620463006440:function:myfunc/invocations",
            "kms_key_arn": "",
            "last_modified": "2023-08-22T23:11:51.000+0000",
            "layers": [],
            "memory_size": 128,
            "package_type": "Zip",
            "publish": false,
            "qualified_arn": "arn:aws:lambda:us-east-1:620463006440:function:myfunc:$LATEST",
            "qualified_invoke_arn": "arn:aws:apigateway:us-east-1:lambda:path/2015-03-31/functions/arn:aws:lambda:us-east-1:620463006440:function:myfunc:$LATEST/invocations",
            "replace_security_groups_on_destroy": null,
            "replacement_security_group_ids": null,
            "reserved_concurrent_executions": -1,
            "role": "arn:aws:iam::620463006440:role/iam_for_lambda",
            "runtime": "python3.11",
            "s3_bucket": null,
            "s3_key": null,
            "s3_object_version": null,
            "signing_job_arn": "",
            "signing_profile_version_arn": "",
            "skip_destroy": false,
            "snap_start": [],
            "source_code_hash": "XETyYo3Z2DdKep7x7uqERNuHcFJJUPzGuNHYdRp69oE=",
            "source_code_size": 345,
            "tags": {},
            "tags_all": {},
            "timeout": 3,
            "timeouts": null,
            "tracing_config": [
              {
                "mode": "PassThrough"
              }
            ],
            "version": "$LATEST",
            "vpc_config": []
          },
          "sensitive_attributes": [],
          "private": "eyJlMmJmYjczMC1lY2FhLTExZTYtOGY4OC0zNDM2M2JjN2M0YzAiOnsiY3JlYXRlIjo2MDAwMDAwMDAwMDAsImRlbGV0ZSI6NjAwMDAwMDAwMDAwLCJ1cGRhdGUiOjYwMDAwMDAwMDAwMH19",
          "dependencies": [
            "aws_iam_role.iam_for_lambda",
            "data.archive_file.zip_the_python_code"
          ]
        }
      ]
    },
    {
      "mode": "managed",
      "type": "aws_lambda_function_url",
      "name": "url1",
      "provider": "provider[\"registry.terraform.io/hashicorp/aws\"]",
      "instances": [
        {
          "schema_version": 0,
          "attributes": {
            "authorization_type": "NONE",
            "cors": [
              {
                "allow_credentials": true,
                "allow_headers": [
                  "date",
                  "keep-alive"
                ],
                "allow_methods": [
                  "*"
                ],
                "allow_origins": [
                  "*"
                ],
                "expose_headers": [
                  "date",
                  "keep-alive"
                ],
                "max_age": 86400
              }
            ],
            "function_arn": "arn:aws:lambda:us-east-1:620463006440:function:myfunc",
            "function_name": "myfunc",
            "function_url": "https://ig6bte2hgzf25qz53c7zodpzee0zstwn.lambda-url.us-east-1.on.aws/",
            "id": "myfunc",
            "invoke_mode": "BUFFERED",
            "qualifier": "",
            "timeouts": null,
            "url_id": "ig6bte2hgzf25qz53c7zodpzee0zstwn"
          },
          "sensitive_attributes": [],
          "private": "eyJlMmJmYjczMC1lY2FhLTExZTYtOGY4OC0zNDM2M2JjN2M0YzAiOnsiY3JlYXRlIjo2MDAwMDAwMDAwMDB9fQ==",
          "dependencies": [
            "aws_iam_role.iam_for_lambda",
            "aws_lambda_function.myfunc",
            "data.archive_file.zip_the_python_code"
          ]
        }
      ]
    }
  ],
  "check_results": null
}
